// !$*UTF8*$!
{
	archiveVersion = 1;
	classes = {
	};
	objectVersion = 55;
	objects = {

/* Begin PBXBuildFile section */
		24AD7F98B4AD706E84958C23 /* Pods_KnotAPIObjectiveCDemo.framework in Frameworks */ = {isa = PBXBuildFile; fileRef = 44948BB4BDB7FFD468DCA834 /* Pods_KnotAPIObjectiveCDemo.framework */; };
		999003DC28AE83370070C046 /* AppDelegate.m in Sources */ = {isa = PBXBuildFile; fileRef = 999003DB28AE83370070C046 /* AppDelegate.m */; };
		999003DF28AE83370070C046 /* SceneDelegate.m in Sources */ = {isa = PBXBuildFile; fileRef = 999003DE28AE83370070C046 /* SceneDelegate.m */; };
		999003E228AE83370070C046 /* ViewController.m in Sources */ = {isa = PBXBuildFile; fileRef = 999003E128AE83370070C046 /* ViewController.m */; };
		999003E528AE83370070C046 /* Main.storyboard in Resources */ = {isa = PBXBuildFile; fileRef = 999003E328AE83370070C046 /* Main.storyboard */; };
		999003E728AE83390070C046 /* Assets.xcassets in Resources */ = {isa = PBXBuildFile; fileRef = 999003E628AE83390070C046 /* Assets.xcassets */; };
		999003EA28AE83390070C046 /* LaunchScreen.storyboard in Resources */ = {isa = PBXBuildFile; fileRef = 999003E828AE83390070C046 /* LaunchScreen.storyboard */; };
		999003ED28AE83390070C046 /* main.m in Sources */ = {isa = PBXBuildFile; fileRef = 999003EC28AE83390070C046 /* main.m */; };
		999003F528AE86B50070C046 /* File.swift in Sources */ = {isa = PBXBuildFile; fileRef = 999003F428AE86B50070C046 /* File.swift */; };
/* End PBXBuildFile section */

/* Begin PBXFileReference section */
		278308FC5FF2CA1FE64FF88A /* Pods-KnotAPIObjectiveCDemo.debug.xcconfig */ = {isa = PBXFileReference; includeInIndex = 1; lastKnownFileType = text.xcconfig; name = "Pods-KnotAPIObjectiveCDemo.debug.xcconfig"; path = "Target Support Files/Pods-KnotAPIObjectiveCDemo/Pods-KnotAPIObjectiveCDemo.debug.xcconfig"; sourceTree = "<group>"; };
		44948BB4BDB7FFD468DCA834 /* Pods_KnotAPIObjectiveCDemo.framework */ = {isa = PBXFileReference; explicitFileType = wrapper.framework; includeInIndex = 0; path = Pods_KnotAPIObjectiveCDemo.framework; sourceTree = BUILT_PRODUCTS_DIR; };
		999003D728AE83370070C046 /* KnotAPIObjectiveCDemo.app */ = {isa = PBXFileReference; explicitFileType = wrapper.application; includeInIndex = 0; path = KnotAPIObjectiveCDemo.app; sourceTree = BUILT_PRODUCTS_DIR; };
		999003DA28AE83370070C046 /* AppDelegate.h */ = {isa = PBXFileReference; lastKnownFileType = sourcecode.c.h; path = AppDelegate.h; sourceTree = "<group>"; };
		999003DB28AE83370070C046 /* AppDelegate.m */ = {isa = PBXFileReference; lastKnownFileType = sourcecode.c.objc; path = AppDelegate.m; sourceTree = "<group>"; };
		999003DD28AE83370070C046 /* SceneDelegate.h */ = {isa = PBXFileReference; lastKnownFileType = sourcecode.c.h; path = SceneDelegate.h; sourceTree = "<group>"; };
		999003DE28AE83370070C046 /* SceneDelegate.m */ = {isa = PBXFileReference; lastKnownFileType = sourcecode.c.objc; path = SceneDelegate.m; sourceTree = "<group>"; };
		999003E028AE83370070C046 /* ViewController.h */ = {isa = PBXFileReference; lastKnownFileType = sourcecode.c.h; path = ViewController.h; sourceTree = "<group>"; };
		999003E128AE83370070C046 /* ViewController.m */ = {isa = PBXFileReference; lastKnownFileType = sourcecode.c.objc; path = ViewController.m; sourceTree = "<group>"; };
		999003E428AE83370070C046 /* Base */ = {isa = PBXFileReference; lastKnownFileType = file.storyboard; name = Base; path = Base.lproj/Main.storyboard; sourceTree = "<group>"; };
		999003E628AE83390070C046 /* Assets.xcassets */ = {isa = PBXFileReference; lastKnownFileType = folder.assetcatalog; path = Assets.xcassets; sourceTree = "<group>"; };
		999003E928AE83390070C046 /* Base */ = {isa = PBXFileReference; lastKnownFileType = file.storyboard; name = Base; path = Base.lproj/LaunchScreen.storyboard; sourceTree = "<group>"; };
		999003EB28AE83390070C046 /* Info.plist */ = {isa = PBXFileReference; lastKnownFileType = text.plist.xml; path = Info.plist; sourceTree = "<group>"; };
		999003EC28AE83390070C046 /* main.m */ = {isa = PBXFileReference; lastKnownFileType = sourcecode.c.objc; path = main.m; sourceTree = "<group>"; };
		999003F328AE86B50070C046 /* KnotAPIObjectiveCDemo-Bridging-Header.h */ = {isa = PBXFileReference; lastKnownFileType = sourcecode.c.h; path = "KnotAPIObjectiveCDemo-Bridging-Header.h"; sourceTree = "<group>"; };
		999003F428AE86B50070C046 /* File.swift */ = {isa = PBXFileReference; lastKnownFileType = sourcecode.swift; path = File.swift; sourceTree = "<group>"; };
		EE5D2BF40F690E1A27A719F3 /* Pods-KnotAPIObjectiveCDemo.release.xcconfig */ = {isa = PBXFileReference; includeInIndex = 1; lastKnownFileType = text.xcconfig; name = "Pods-KnotAPIObjectiveCDemo.release.xcconfig"; path = "Target Support Files/Pods-KnotAPIObjectiveCDemo/Pods-KnotAPIObjectiveCDemo.release.xcconfig"; sourceTree = "<group>"; };
/* End PBXFileReference section */

/* Begin PBXFrameworksBuildPhase section */
		999003D428AE83370070C046 /* Frameworks */ = {
			isa = PBXFrameworksBuildPhase;
			buildActionMask = 2147483647;
			files = (
				24AD7F98B4AD706E84958C23 /* Pods_KnotAPIObjectiveCDemo.framework in Frameworks */,
			);
			runOnlyForDeploymentPostprocessing = 0;
		};
/* End PBXFrameworksBuildPhase section */

/* Begin PBXGroup section */
		3D0B077E60466E86C924E065 /* Frameworks */ = {
			isa = PBXGroup;
			children = (
				44948BB4BDB7FFD468DCA834 /* Pods_KnotAPIObjectiveCDemo.framework */,
			);
			name = Frameworks;
			sourceTree = "<group>";
		};
		5249F3BC32A78F5F8276AC2A /* Pods */ = {
			isa = PBXGroup;
			children = (
				278308FC5FF2CA1FE64FF88A /* Pods-KnotAPIObjectiveCDemo.debug.xcconfig */,
				EE5D2BF40F690E1A27A719F3 /* Pods-KnotAPIObjectiveCDemo.release.xcconfig */,
			);
			name = Pods;
			path = Pods;
			sourceTree = "<group>";
		};
		999003CE28AE83370070C046 = {
			isa = PBXGroup;
			children = (
				999003D928AE83370070C046 /* KnotAPIObjectiveCDemo */,
				999003D828AE83370070C046 /* Products */,
				5249F3BC32A78F5F8276AC2A /* Pods */,
				3D0B077E60466E86C924E065 /* Frameworks */,
			);
			sourceTree = "<group>";
		};
		999003D828AE83370070C046 /* Products */ = {
			isa = PBXGroup;
			children = (
				999003D728AE83370070C046 /* KnotAPIObjectiveCDemo.app */,
			);
			name = Products;
			sourceTree = "<group>";
		};
		999003D928AE83370070C046 /* KnotAPIObjectiveCDemo */ = {
			isa = PBXGroup;
			children = (
				999003DA28AE83370070C046 /* AppDelegate.h */,
				999003DB28AE83370070C046 /* AppDelegate.m */,
				999003DD28AE83370070C046 /* SceneDelegate.h */,
				999003DE28AE83370070C046 /* SceneDelegate.m */,
				999003E028AE83370070C046 /* ViewController.h */,
				999003E128AE83370070C046 /* ViewController.m */,
				999003E328AE83370070C046 /* Main.storyboard */,
				999003E628AE83390070C046 /* Assets.xcassets */,
				999003E828AE83390070C046 /* LaunchScreen.storyboard */,
				999003EB28AE83390070C046 /* Info.plist */,
				999003EC28AE83390070C046 /* main.m */,
				999003F428AE86B50070C046 /* File.swift */,
				999003F328AE86B50070C046 /* KnotAPIObjectiveCDemo-Bridging-Header.h */,
			);
			path = KnotAPIObjectiveCDemo;
			sourceTree = "<group>";
		};
/* End PBXGroup section */

/* Begin PBXNativeTarget section */
		999003D628AE83370070C046 /* KnotAPIObjectiveCDemo */ = {
			isa = PBXNativeTarget;
			buildConfigurationList = 999003F028AE83390070C046 /* Build configuration list for PBXNativeTarget "KnotAPIObjectiveCDemo" */;
			buildPhases = (
				90F149172ABFA9ACD78BF98F /* [CP] Check Pods Manifest.lock */,
				999003D328AE83370070C046 /* Sources */,
				999003D428AE83370070C046 /* Frameworks */,
				999003D528AE83370070C046 /* Resources */,
				E9E9B448DAB6FD9B43A1A246 /* [CP] Embed Pods Frameworks */,
			);
			buildRules = (
			);
			dependencies = (
			);
			name = KnotAPIObjectiveCDemo;
			productName = KnotAPIObjectiveCDemo;
			productReference = 999003D728AE83370070C046 /* KnotAPIObjectiveCDemo.app */;
			productType = "com.apple.product-type.application";
		};
/* End PBXNativeTarget section */

/* Begin PBXProject section */
		999003CF28AE83370070C046 /* Project object */ = {
			isa = PBXProject;
			attributes = {
				BuildIndependentTargetsInParallel = 1;
				LastUpgradeCheck = 1340;
				TargetAttributes = {
					999003D628AE83370070C046 = {
						CreatedOnToolsVersion = 13.4.1;
						LastSwiftMigration = 1340;
					};
				};
			};
			buildConfigurationList = 999003D228AE83370070C046 /* Build configuration list for PBXProject "KnotAPIObjectiveCDemo" */;
			compatibilityVersion = "Xcode 13.0";
			developmentRegion = en;
			hasScannedForEncodings = 0;
			knownRegions = (
				en,
				Base,
			);
			mainGroup = 999003CE28AE83370070C046;
			productRefGroup = 999003D828AE83370070C046 /* Products */;
			projectDirPath = "";
			projectRoot = "";
			targets = (
				999003D628AE83370070C046 /* KnotAPIObjectiveCDemo */,
			);
		};
/* End PBXProject section */

/* Begin PBXResourcesBuildPhase section */
		999003D528AE83370070C046 /* Resources */ = {
			isa = PBXResourcesBuildPhase;
			buildActionMask = 2147483647;
			files = (
				999003EA28AE83390070C046 /* LaunchScreen.storyboard in Resources */,
				999003E728AE83390070C046 /* Assets.xcassets in Resources */,
				999003E528AE83370070C046 /* Main.storyboard in Resources */,
			);
			runOnlyForDeploymentPostprocessing = 0;
		};
/* End PBXResourcesBuildPhase section */

/* Begin PBXShellScriptBuildPhase section */
		90F149172ABFA9ACD78BF98F /* [CP] Check Pods Manifest.lock */ = {
			isa = PBXShellScriptBuildPhase;
			buildActionMask = 2147483647;
			files = (
			);
			inputFileListPaths = (
			);
			inputPaths = (
				"${PODS_PODFILE_DIR_PATH}/Podfile.lock",
				"${PODS_ROOT}/Manifest.lock",
			);
			name = "[CP] Check Pods Manifest.lock";
			outputFileListPaths = (
			);
			outputPaths = (
				"$(DERIVED_FILE_DIR)/Pods-KnotAPIObjectiveCDemo-checkManifestLockResult.txt",
			);
			runOnlyForDeploymentPostprocessing = 0;
			shellPath = /bin/sh;
			shellScript = "diff \"${PODS_PODFILE_DIR_PATH}/Podfile.lock\" \"${PODS_ROOT}/Manifest.lock\" > /dev/null\nif [ $? != 0 ] ; then\n    # print error to STDERR\n    echo \"error: The sandbox is not in sync with the Podfile.lock. Run 'pod install' or update your CocoaPods installation.\" >&2\n    exit 1\nfi\n# This output is used by Xcode 'outputs' to avoid re-running this script phase.\necho \"SUCCESS\" > \"${SCRIPT_OUTPUT_FILE_0}\"\n";
			showEnvVarsInLog = 0;
		};
		E9E9B448DAB6FD9B43A1A246 /* [CP] Embed Pods Frameworks */ = {
			isa = PBXShellScriptBuildPhase;
			buildActionMask = 2147483647;
			files = (
			);
			inputFileListPaths = (
				"${PODS_ROOT}/Target Support Files/Pods-KnotAPIObjectiveCDemo/Pods-KnotAPIObjectiveCDemo-frameworks-${CONFIGURATION}-input-files.xcfilelist",
			);
			name = "[CP] Embed Pods Frameworks";
			outputFileListPaths = (
				"${PODS_ROOT}/Target Support Files/Pods-KnotAPIObjectiveCDemo/Pods-KnotAPIObjectiveCDemo-frameworks-${CONFIGURATION}-output-files.xcfilelist",
			);
			runOnlyForDeploymentPostprocessing = 0;
			shellPath = /bin/sh;
			shellScript = "\"${PODS_ROOT}/Target Support Files/Pods-KnotAPIObjectiveCDemo/Pods-KnotAPIObjectiveCDemo-frameworks.sh\"\n";
			showEnvVarsInLog = 0;
		};
/* End PBXShellScriptBuildPhase section */

/* Begin PBXSourcesBuildPhase section */
		999003D328AE83370070C046 /* Sources */ = {
			isa = PBXSourcesBuildPhase;
			buildActionMask = 2147483647;
			files = (
				999003F528AE86B50070C046 /* File.swift in Sources */,
				999003E228AE83370070C046 /* ViewController.m in Sources */,
				999003DC28AE83370070C046 /* AppDelegate.m in Sources */,
				999003ED28AE83390070C046 /* main.m in Sources */,
				999003DF28AE83370070C046 /* SceneDelegate.m in Sources */,
			);
			runOnlyForDeploymentPostprocessing = 0;
		};
/* End PBXSourcesBuildPhase section */

/* Begin PBXVariantGroup section */
		999003E328AE83370070C046 /* Main.storyboard */ = {
			isa = PBXVariantGroup;
			children = (
				999003E428AE83370070C046 /* Base */,
			);
			name = Main.storyboard;
			sourceTree = "<group>";
		};
		999003E828AE83390070C046 /* LaunchScreen.storyboard */ = {
			isa = PBXVariantGroup;
			children = (
				999003E928AE83390070C046 /* Base */,
			);
			name = LaunchScreen.storyboard;
			sourceTree = "<group>";
		};
/* End PBXVariantGroup section */

/* Begin XCBuildConfiguration section */
		999003EE28AE83390070C046 /* Debug */ = {
			isa = XCBuildConfiguration;
			buildSettings = {
				ALWAYS_SEARCH_USER_PATHS = NO;
				CLANG_ANALYZER_NONNULL = YES;
				CLANG_ANALYZER_NUMBER_OBJECT_CONVERSION = YES_AGGRESSIVE;
				CLANG_CXX_LANGUAGE_STANDARD = "gnu++17";
				CLANG_ENABLE_MODULES = YES;
				CLANG_ENABLE_OBJC_ARC = YES;
				CLANG_ENABLE_OBJC_WEAK = YES;
				CLANG_WARN_BLOCK_CAPTURE_AUTORELEASING = YES;
				CLANG_WARN_BOOL_CONVERSION = YES;
				CLANG_WARN_COMMA = YES;
				CLANG_WARN_CONSTANT_CONVERSION = YES;
				CLANG_WARN_DEPRECATED_OBJC_IMPLEMENTATIONS = YES;
				CLANG_WARN_DIRECT_OBJC_ISA_USAGE = YES_ERROR;
				CLANG_WARN_DOCUMENTATION_COMMENTS = YES;
				CLANG_WARN_EMPTY_BODY = YES;
				CLANG_WARN_ENUM_CONVERSION = YES;
				CLANG_WARN_INFINITE_RECURSION = YES;
				CLANG_WARN_INT_CONVERSION = YES;
				CLANG_WARN_NON_LITERAL_NULL_CONVERSION = YES;
				CLANG_WARN_OBJC_IMPLICIT_RETAIN_SELF = YES;
				CLANG_WARN_OBJC_LITERAL_CONVERSION = YES;
				CLANG_WARN_OBJC_ROOT_CLASS = YES_ERROR;
				CLANG_WARN_QUOTED_INCLUDE_IN_FRAMEWORK_HEADER = YES;
				CLANG_WARN_RANGE_LOOP_ANALYSIS = YES;
				CLANG_WARN_STRICT_PROTOTYPES = YES;
				CLANG_WARN_SUSPICIOUS_MOVE = YES;
				CLANG_WARN_UNGUARDED_AVAILABILITY = YES_AGGRESSIVE;
				CLANG_WARN_UNREACHABLE_CODE = YES;
				CLANG_WARN__DUPLICATE_METHOD_MATCH = YES;
				COPY_PHASE_STRIP = NO;
				DEBUG_INFORMATION_FORMAT = dwarf;
				ENABLE_STRICT_OBJC_MSGSEND = YES;
				ENABLE_TESTABILITY = YES;
				GCC_C_LANGUAGE_STANDARD = gnu11;
				GCC_DYNAMIC_NO_PIC = NO;
				GCC_NO_COMMON_BLOCKS = YES;
				GCC_OPTIMIZATION_LEVEL = 0;
				GCC_PREPROCESSOR_DEFINITIONS = (
					"DEBUG=1",
					"$(inherited)",
				);
				GCC_WARN_64_TO_32_BIT_CONVERSION = YES;
				GCC_WARN_ABOUT_RETURN_TYPE = YES_ERROR;
				GCC_WARN_UNDECLARED_SELECTOR = YES;
				GCC_WARN_UNINITIALIZED_AUTOS = YES_AGGRESSIVE;
				GCC_WARN_UNUSED_FUNCTION = YES;
				GCC_WARN_UNUSED_VARIABLE = YES;
				IPHONEOS_DEPLOYMENT_TARGET = 15.5;
				MTL_ENABLE_DEBUG_INFO = INCLUDE_SOURCE;
				MTL_FAST_MATH = YES;
				ONLY_ACTIVE_ARCH = YES;
				SDKROOT = iphoneos;
			};
			name = Debug;
		};
		999003EF28AE83390070C046 /* Release */ = {
			isa = XCBuildConfiguration;
			buildSettings = {
				ALWAYS_SEARCH_USER_PATHS = NO;
				CLANG_ANALYZER_NONNULL = YES;
				CLANG_ANALYZER_NUMBER_OBJECT_CONVERSION = YES_AGGRESSIVE;
				CLANG_CXX_LANGUAGE_STANDARD = "gnu++17";
				CLANG_ENABLE_MODULES = YES;
				CLANG_ENABLE_OBJC_ARC = YES;
				CLANG_ENABLE_OBJC_WEAK = YES;
				CLANG_WARN_BLOCK_CAPTURE_AUTORELEASING = YES;
				CLANG_WARN_BOOL_CONVERSION = YES;
				CLANG_WARN_COMMA = YES;
				CLANG_WARN_CONSTANT_CONVERSION = YES;
				CLANG_WARN_DEPRECATED_OBJC_IMPLEMENTATIONS = YES;
				CLANG_WARN_DIRECT_OBJC_ISA_USAGE = YES_ERROR;
				CLANG_WARN_DOCUMENTATION_COMMENTS = YES;
				CLANG_WARN_EMPTY_BODY = YES;
				CLANG_WARN_ENUM_CONVERSION = YES;
				CLANG_WARN_INFINITE_RECURSION = YES;
				CLANG_WARN_INT_CONVERSION = YES;
				CLANG_WARN_NON_LITERAL_NULL_CONVERSION = YES;
				CLANG_WARN_OBJC_IMPLICIT_RETAIN_SELF = YES;
				CLANG_WARN_OBJC_LITERAL_CONVERSION = YES;
				CLANG_WARN_OBJC_ROOT_CLASS = YES_ERROR;
				CLANG_WARN_QUOTED_INCLUDE_IN_FRAMEWORK_HEADER = YES;
				CLANG_WARN_RANGE_LOOP_ANALYSIS = YES;
				CLANG_WARN_STRICT_PROTOTYPES = YES;
				CLANG_WARN_SUSPICIOUS_MOVE = YES;
				CLANG_WARN_UNGUARDED_AVAILABILITY = YES_AGGRESSIVE;
				CLANG_WARN_UNREACHABLE_CODE = YES;
				CLANG_WARN__DUPLICATE_METHOD_MATCH = YES;
				COPY_PHASE_STRIP = NO;
				DEBUG_INFORMATION_FORMAT = "dwarf-with-dsym";
				ENABLE_NS_ASSERTIONS = NO;
				ENABLE_STRICT_OBJC_MSGSEND = YES;
				GCC_C_LANGUAGE_STANDARD = gnu11;
				GCC_NO_COMMON_BLOCKS = YES;
				GCC_WARN_64_TO_32_BIT_CONVERSION = YES;
				GCC_WARN_ABOUT_RETURN_TYPE = YES_ERROR;
				GCC_WARN_UNDECLARED_SELECTOR = YES;
				GCC_WARN_UNINITIALIZED_AUTOS = YES_AGGRESSIVE;
				GCC_WARN_UNUSED_FUNCTION = YES;
				GCC_WARN_UNUSED_VARIABLE = YES;
				IPHONEOS_DEPLOYMENT_TARGET = 15.5;
				MTL_ENABLE_DEBUG_INFO = NO;
				MTL_FAST_MATH = YES;
				SDKROOT = iphoneos;
				VALIDATE_PRODUCT = YES;
			};
			name = Release;
		};
		999003F128AE83390070C046 /* Debug */ = {
			isa = XCBuildConfiguration;
			baseConfigurationReference = 278308FC5FF2CA1FE64FF88A /* Pods-KnotAPIObjectiveCDemo.debug.xcconfig */;
			buildSettings = {
				ASSETCATALOG_COMPILER_APPICON_NAME = AppIcon;
				ASSETCATALOG_COMPILER_GLOBAL_ACCENT_COLOR_NAME = AccentColor;
				CLANG_ENABLE_MODULES = YES;
				CODE_SIGN_STYLE = Automatic;
				CURRENT_PROJECT_VERSION = 1;
				DEVELOPMENT_TEAM = RCF226JZTL;
				GENERATE_INFOPLIST_FILE = YES;
				INFOPLIST_FILE = KnotAPIObjectiveCDemo/Info.plist;
				INFOPLIST_KEY_UIApplicationSupportsIndirectInputEvents = YES;
				INFOPLIST_KEY_UILaunchStoryboardName = LaunchScreen;
				INFOPLIST_KEY_UIMainStoryboardFile = Main;
				INFOPLIST_KEY_UISupportedInterfaceOrientations_iPad = "UIInterfaceOrientationPortrait UIInterfaceOrientationPortraitUpsideDown UIInterfaceOrientationLandscapeLeft UIInterfaceOrientationLandscapeRight";
				INFOPLIST_KEY_UISupportedInterfaceOrientations_iPhone = "UIInterfaceOrientationPortrait UIInterfaceOrientationLandscapeLeft UIInterfaceOrientationLandscapeRight";
				LD_RUNPATH_SEARCH_PATHS = (
					"$(inherited)",
					"@executable_path/Frameworks",
				);
				MARKETING_VERSION = 1.0;
				PRODUCT_BUNDLE_IDENTIFIER = com.millions.KnotAPIObjectiveCDemo;
				PRODUCT_NAME = "$(TARGET_NAME)";
				SWIFT_EMIT_LOC_STRINGS = YES;
				SWIFT_OBJC_BRIDGING_HEADER = "KnotAPIObjectiveCDemo/KnotAPIObjectiveCDemo-Bridging-Header.h";
				SWIFT_OPTIMIZATION_LEVEL = "-Onone";
				SWIFT_VERSION = 5.0;
				TARGETED_DEVICE_FAMILY = "1,2";
			};
			name = Debug;
		};
		999003F228AE83390070C046 /* Release */ = {
			isa = XCBuildConfiguration;
			baseConfigurationReference = EE5D2BF40F690E1A27A719F3 /* Pods-KnotAPIObjectiveCDemo.release.xcconfig */;
			buildSettings = {
				ASSETCATALOG_COMPILER_APPICON_NAME = AppIcon;
				ASSETCATALOG_COMPILER_GLOBAL_ACCENT_COLOR_NAME = AccentColor;
				CLANG_ENABLE_MODULES = YES;
				CODE_SIGN_STYLE = Automatic;
				CURRENT_PROJECT_VERSION = 1;
				DEVELOPMENT_TEAM = RCF226JZTL;
				GENERATE_INFOPLIST_FILE = YES;
				INFOPLIST_FILE = KnotAPIObjectiveCDemo/Info.plist;
				INFOPLIST_KEY_UIApplicationSupportsIndirectInputEvents = YES;
				INFOPLIST_KEY_UILaunchStoryboardName = LaunchScreen;
				INFOPLIST_KEY_UIMainStoryboardFile = Main;
				INFOPLIST_KEY_UISupportedInterfaceOrientations_iPad = "UIInterfaceOrientationPortrait UIInterfaceOrientationPortraitUpsideDown UIInterfaceOrientationLandscapeLeft UIInterfaceOrientationLandscapeRight";
				INFOPLIST_KEY_UISupportedInterfaceOrientations_iPhone = "UIInterfaceOrientationPortrait UIInterfaceOrientationLandscapeLeft UIInterfaceOrientationLandscapeRight";
				LD_RUNPATH_SEARCH_PATHS = (
					"$(inherited)",
					"@executable_path/Frameworks",
				);
				MARKETING_VERSION = 1.0;
				PRODUCT_BUNDLE_IDENTIFIER = com.millions.KnotAPIObjectiveCDemo;
				PRODUCT_NAME = "$(TARGET_NAME)";
				SWIFT_EMIT_LOC_STRINGS = YES;
				SWIFT_OBJC_BRIDGING_HEADER = "KnotAPIObjectiveCDemo/KnotAPIObjectiveCDemo-Bridging-Header.h";
				SWIFT_VERSION = 5.0;
				TARGETED_DEVICE_FAMILY = "1,2";
			};
			name = Release;
		};
/* End XCBuildConfiguration section */

/* Begin XCConfigurationList section */
		999003D228AE83370070C046 /* Build configuration list for PBXProject "KnotAPIObjectiveCDemo" */ = {
			isa = XCConfigurationList;
			buildConfigurations = (
				999003EE28AE83390070C046 /* Debug */,
				999003EF28AE83390070C046 /* Release */,
			);
			defaultConfigurationIsVisible = 0;
			defaultConfigurationName = Release;
		};
		999003F028AE83390070C046 /* Build configuration list for PBXNativeTarget "KnotAPIObjectiveCDemo" */ = {
			isa = XCConfigurationList;
			buildConfigurations = (
				999003F128AE83390070C046 /* Debug */,
				999003F228AE83390070C046 /* Release */,
			);
			defaultConfigurationIsVisible = 0;
			defaultConfigurationName = Release;
		};
/* End XCConfigurationList section */
	};
	rootObject = 999003CF28AE83370070C046 /* Project object */;
}
