PODS:
  - PasswordChangerSDK (0.1.5)

DEPENDENCIES:
  - PasswordChangerSDK (= 0.1.5)

SPEC REPOS:
  https://github.com/millionscard/pods-repo:
    - PasswordChangerSDK

SPEC CHECKSUMS:
  PasswordChangerSDK: 5df2fda55a8f4ccddc220c7000f3b3c2e15036c3

PODFILE CHECKSUM: e7067ff7dd9175cc65ace348fc19f3cb60e7e3f7

COCOAPODS: 1.11.3
